// !$*UTF8*$!
{
	archiveVersion = 1;
	classes = {
	};
	objectVersion = 77;
	objects = {

/* Begin PBXContainerItemProxy section */
		9D9C2D422DF71139007BC8DA /* PBXContainerItemProxy */ = {
			isa = PBXContainerItemProxy;
			containerPortal = 9D9C2D232DF71138007BC8DA /* Project object */;
			proxyType = 1;
			remoteGlobalIDString = 9D9C2D2A2DF71138007BC8DA;
			remoteInfo = imu_sensor;
		};
		9D9C2D4C2DF71139007BC8DA /* PBXContainerItemProxy */ = {
			isa = PBXContainerItemProxy;
			containerPortal = 9D9C2D232DF71138007BC8DA /* Project object */;
			proxyType = 1;
			remoteGlobalIDString = 9D9C2D2A2DF71138007BC8DA;
			remoteInfo = imu_sensor;
		};
/* End PBXContainerItemProxy section */

/* Begin PBXFileReference section */
		9D9C2D2B2DF71138007BC8DA /* imu_sensor.app */ = {isa = PBXFileReference; explicitFileType = wrapper.application; includeInIndex = 0; path = imu_sensor.app; sourceTree = BUILT_PRODUCTS_DIR; };
		9D9C2D412DF71139007BC8DA /* imu_sensorTests.xctest */ = {isa = PBXFileReference; explicitFileType = wrapper.cfbundle; includeInIndex = 0; path = imu_sensorTests.xctest; sourceTree = BUILT_PRODUCTS_DIR; };
		9D9C2D4B2DF71139007BC8DA /* imu_sensorUITests.xctest */ = {isa = PBXFileReference; explicitFileType = wrapper.cfbundle; includeInIndex = 0; path = imu_sensorUITests.xctest; sourceTree = BUILT_PRODUCTS_DIR; };
/* End PBXFileReference section */

/* Begin PBXFileSystemSynchronizedBuildFileExceptionSet section */
		9D9C2D532DF71139007BC8DA /* Exceptions for "imu_sensor" folder in "imu_sensor" target */ = {
			isa = PBXFileSystemSynchronizedBuildFileExceptionSet;
			membershipExceptions = (
				Info.plist,
			);
			target = 9D9C2D2A2DF71138007BC8DA /* imu_sensor */;
		};
/* End PBXFileSystemSynchronizedBuildFileExceptionSet section */

/* Begin PBXFileSystemSynchronizedRootGroup section */
		9D9C2D2D2DF71138007BC8DA /* imu_sensor */ = {
			isa = PBXFileSystemSynchronizedRootGroup;
			exceptions = (
				9D9C2D532DF71139007BC8DA /* Exceptions for "imu_sensor" folder in "imu_sensor" target */,
			);
			path = imu_sensor;
			sourceTree = "<group>";
		};
		9D9C2D442DF71139007BC8DA /* imu_sensorTests */ = {
			isa = PBXFileSystemSynchronizedRootGroup;
			path = imu_sensorTests;
			sourceTree = "<group>";
		};
		9D9C2D4E2DF71139007BC8DA /* imu_sensorUITests */ = {
			isa = PBXFileSystemSynchronizedRootGroup;
			path = imu_sensorUITests;
			sourceTree = "<group>";
		};
/* End PBXFileSystemSynchronizedRootGroup section */

/* Begin PBXFrameworksBuildPhase section */
		9D9C2D282DF71138007BC8DA /* Frameworks */ = {
			isa = PBXFrameworksBuildPhase;
			buildActionMask = 2147483647;
			files = (
			);
			runOnlyForDeploymentPostprocessing = 0;
		};
		9D9C2D3E2DF71139007BC8DA /* Frameworks */ = {
			isa = PBXFrameworksBuildPhase;
			buildActionMask = 2147483647;
			files = (
			);
			runOnlyForDeploymentPostprocessing = 0;
		};
		9D9C2D482DF71139007BC8DA /* Frameworks */ = {
			isa = PBXFrameworksBuildPhase;
			buildActionMask = 2147483647;
			files = (
			);
			runOnlyForDeploymentPostprocessing = 0;
		};
/* End PBXFrameworksBuildPhase section */

/* Begin PBXGroup section */
		9D9C2D222DF71138007BC8DA = {
			isa = PBXGroup;
			children = (
				9D9C2D2D2DF71138007BC8DA /* imu_sensor */,
				9D9C2D442DF71139007BC8DA /* imu_sensorTests */,
				9D9C2D4E2DF71139007BC8DA /* imu_sensorUITests */,
				9D9C2D2C2DF71138007BC8DA /* Products */,
			);
			sourceTree = "<group>";
		};
		9D9C2D2C2DF71138007BC8DA /* Products */ = {
			isa = PBXGroup;
			children = (
				9D9C2D2B2DF71138007BC8DA /* imu_sensor.app */,
				9D9C2D412DF71139007BC8DA /* imu_sensorTests.xctest */,
				9D9C2D4B2DF71139007BC8DA /* imu_sensorUITests.xctest */,
			);
			name = Products;
			sourceTree = "<group>";
		};
/* End PBXGroup section */

/* Begin PBXNativeTarget section */
		9D9C2D2A2DF71138007BC8DA /* imu_sensor */ = {
			isa = PBXNativeTarget;
			buildConfigurationList = 9D9C2D542DF71139007BC8DA /* Build configuration list for PBXNativeTarget "imu_sensor" */;
			buildPhases = (
				9D9C2D272DF71138007BC8DA /* Sources */,
				9D9C2D282DF71138007BC8DA /* Frameworks */,
				9D9C2D292DF71138007BC8DA /* Resources */,
			);
			buildRules = (
			);
			dependencies = (
			);
			fileSystemSynchronizedGroups = (
				9D9C2D2D2DF71138007BC8DA /* imu_sensor */,
			);
			name = imu_sensor;
			packageProductDependencies = (
			);
			productName = imu_sensor;
			productReference = 9D9C2D2B2DF71138007BC8DA /* imu_sensor.app */;
			productType = "com.apple.product-type.application";
		};
		9D9C2D402DF71139007BC8DA /* imu_sensorTests */ = {
			isa = PBXNativeTarget;
			buildConfigurationList = 9D9C2D592DF71139007BC8DA /* Build configuration list for PBXNativeTarget "imu_sensorTests" */;
			buildPhases = (
				9D9C2D3D2DF71139007BC8DA /* Sources */,
				9D9C2D3E2DF71139007BC8DA /* Frameworks */,
				9D9C2D3F2DF71139007BC8DA /* Resources */,
			);
			buildRules = (
			);
			dependencies = (
				9D9C2D432DF71139007BC8DA /* PBXTargetDependency */,
			);
			fileSystemSynchronizedGroups = (
				9D9C2D442DF71139007BC8DA /* imu_sensorTests */,
			);
			name = imu_sensorTests;
			packageProductDependencies = (
			);
			productName = imu_sensorTests;
			productReference = 9D9C2D412DF71139007BC8DA /* imu_sensorTests.xctest */;
			productType = "com.apple.product-type.bundle.unit-test";
		};
		9D9C2D4A2DF71139007BC8DA /* imu_sensorUITests */ = {
			isa = PBXNativeTarget;
			buildConfigurationList = 9D9C2D5C2DF71139007BC8DA /* Build configuration list for PBXNativeTarget "imu_sensorUITests" */;
			buildPhases = (
				9D9C2D472DF71139007BC8DA /* Sources */,
				9D9C2D482DF71139007BC8DA /* Frameworks */,
				9D9C2D492DF71139007BC8DA /* Resources */,
			);
			buildRules = (
			);
			dependencies = (
				9D9C2D4D2DF71139007BC8DA /* PBXTargetDependency */,
			);
			fileSystemSynchronizedGroups = (
				9D9C2D4E2DF71139007BC8DA /* imu_sensorUITests */,
			);
			name = imu_sensorUITests;
			packageProductDependencies = (
			);
			productName = imu_sensorUITests;
			productReference = 9D9C2D4B2DF71139007BC8DA /* imu_sensorUITests.xctest */;
			productType = "com.apple.product-type.bundle.ui-testing";
		};
/* End PBXNativeTarget section */

/* Begin PBXProject section */
		9D9C2D232DF71138007BC8DA /* Project object */ = {
			isa = PBXProject;
			attributes = {
				BuildIndependentTargetsInParallel = 1;
				LastSwiftUpdateCheck = 1620;
				LastUpgradeCheck = 1620;
				TargetAttributes = {
					9D9C2D2A2DF71138007BC8DA = {
						CreatedOnToolsVersion = 16.2;
					};
					9D9C2D402DF71139007BC8DA = {
						CreatedOnToolsVersion = 16.2;
						TestTargetID = 9D9C2D2A2DF71138007BC8DA;
					};
					9D9C2D4A2DF71139007BC8DA = {
						CreatedOnToolsVersion = 16.2;
						TestTargetID = 9D9C2D2A2DF71138007BC8DA;
					};
				};
			};
			buildConfigurationList = 9D9C2D262DF71138007BC8DA /* Build configuration list for PBXProject "imu_sensor" */;
			developmentRegion = en;
			hasScannedForEncodings = 0;
			knownRegions = (
				en,
				Base,
			);
			mainGroup = 9D9C2D222DF71138007BC8DA;
			minimizedProjectReferenceProxies = 1;
			preferredProjectObjectVersion = 77;
			productRefGroup = 9D9C2D2C2DF71138007BC8DA /* Products */;
			projectDirPath = "";
			projectRoot = "";
			targets = (
				9D9C2D2A2DF71138007BC8DA /* imu_sensor */,
				9D9C2D402DF71139007BC8DA /* imu_sensorTests */,
				9D9C2D4A2DF71139007BC8DA /* imu_sensorUITests */,
			);
		};
/* End PBXProject section */

/* Begin PBXResourcesBuildPhase section */
		9D9C2D292DF71138007BC8DA /* Resources */ = {
			isa = PBXResourcesBuildPhase;
			buildActionMask = 2147483647;
			files = (
			);
			runOnlyForDeploymentPostprocessing = 0;
		};
		9D9C2D3F2DF71139007BC8DA /* Resources */ = {
			isa = PBXResourcesBuildPhase;
			buildActionMask = 2147483647;
			files = (
			);
			runOnlyForDeploymentPostprocessing = 0;
		};
		9D9C2D492DF71139007BC8DA /* Resources */ = {
			isa = PBXResourcesBuildPhase;
			buildActionMask = 2147483647;
			files = (
			);
			runOnlyForDeploymentPostprocessing = 0;
		};
/* End PBXResourcesBuildPhase section */

/* Begin PBXSourcesBuildPhase section */
		9D9C2D272DF71138007BC8DA /* Sources */ = {
			isa = PBXSourcesBuildPhase;
			buildActionMask = 2147483647;
			files = (
			);
			runOnlyForDeploymentPostprocessing = 0;
		};
		9D9C2D3D2DF71139007BC8DA /* Sources */ = {
			isa = PBXSourcesBuildPhase;
			buildActionMask = 2147483647;
			files = (
			);
			runOnlyForDeploymentPostprocessing = 0;
		};
		9D9C2D472DF71139007BC8DA /* Sources */ = {
			isa = PBXSourcesBuildPhase;
			buildActionMask = 2147483647;
			files = (
			);
			runOnlyForDeploymentPostprocessing = 0;
		};
/* End PBXSourcesBuildPhase section */

/* Begin PBXTargetDependency section */
		9D9C2D432DF71139007BC8DA /* PBXTargetDependency */ = {
			isa = PBXTargetDependency;
			target = 9D9C2D2A2DF71138007BC8DA /* imu_sensor */;
			targetProxy = 9D9C2D422DF71139007BC8DA /* PBXContainerItemProxy */;
		};
		9D9C2D4D2DF71139007BC8DA /* PBXTargetDependency */ = {
			isa = PBXTargetDependency;
			target = 9D9C2D2A2DF71138007BC8DA /* imu_sensor */;
			targetProxy = 9D9C2D4C2DF71139007BC8DA /* PBXContainerItemProxy */;
		};
/* End PBXTargetDependency section */

/* Begin XCBuildConfiguration section */
		9D9C2D552DF71139007BC8DA /* Debug */ = {
			isa = XCBuildConfiguration;
			buildSettings = {
				ASSETCATALOG_COMPILER_APPICON_NAME = AppIcon;
				ASSETCATALOG_COMPILER_GLOBAL_ACCENT_COLOR_NAME = AccentColor;
				CODE_SIGN_STYLE = Automatic;
				CURRENT_PROJECT_VERSION = 1;
				DEVELOPMENT_TEAM = ND2M7A5PDJ;
				GENERATE_INFOPLIST_FILE = YES;
				INFOPLIST_FILE = imu_sensor/Info.plist;
				INFOPLIST_KEY_UIApplicationSupportsIndirectInputEvents = YES;
				INFOPLIST_KEY_UILaunchStoryboardName = LaunchScreen;
				INFOPLIST_KEY_UIMainStoryboardFile = Main;
				INFOPLIST_KEY_UISupportedInterfaceOrientations_iPad = "UIInterfaceOrientationPortrait UIInterfaceOrientationPortraitUpsideDown UIInterfaceOrientationLandscapeLeft UIInterfaceOrientationLandscapeRight";
				INFOPLIST_KEY_UISupportedInterfaceOrientations_iPhone = "UIInterfaceOrientationPortrait UIInterfaceOrientationLandscapeLeft UIInterfaceOrientationLandscapeRight";
				LD_RUNPATH_SEARCH_PATHS = (
					"$(inherited)",
					"@executable_path/Frameworks",
				);
				MARKETING_VERSION = 1.0;
				PRODUCT_BUNDLE_IDENTIFIER = "yinuo.imu-sensor";
				PRODUCT_NAME = "$(TARGET_NAME)";
				SWIFT_EMIT_LOC_STRINGS = YES;
				SWIFT_VERSION = 5.0;
				TARGETED_DEVICE_FAMILY = "1,2";
			};
			name = Debug;
		};
		9D9C2D562DF71139007BC8DA /* Release */ = {
			isa = XCBuildConfiguration;
			buildSettings = {
				ASSETCATALOG_COMPILER_APPICON_NAME = AppIcon;
				ASSETCATALOG_COMPILER_GLOBAL_ACCENT_COLOR_NAME = AccentColor;
				CODE_SIGN_STYLE = Automatic;
				CURRENT_PROJECT_VERSION = 1;
				DEVELOPMENT_TEAM = ND2M7A5PDJ;
				GENERATE_INFOPLIST_FILE = YES;
				INFOPLIST_FILE = imu_sensor/Info.plist;
				INFOPLIST_KEY_UIApplicationSupportsIndirectInputEvents = YES;
				INFOPLIST_KEY_UILaunchStoryboardName = LaunchScreen;
				INFOPLIST_KEY_UIMainStoryboardFile = Main;
				INFOPLIST_KEY_UISupportedInterfaceOrientations_iPad = "UIInterfaceOrientationPortrait UIInterfaceOrientationPortraitUpsideDown UIInterfaceOrientationLandscapeLeft UIInterfaceOrientationLandscapeRight";
				INFOPLIST_KEY_UISupportedInterfaceOrientations_iPhone = "UIInterfaceOrientationPortrait UIInterfaceOrientationLandscapeLeft UIInterfaceOrientationLandscapeRight";
				LD_RUNPATH_SEARCH_PATHS = (
					"$(inherited)",
					"@executable_path/Frameworks",
				);
				MARKETING_VERSION = 1.0;
				PRODUCT_BUNDLE_IDENTIFIER = "yinuo.imu-sensor";
				PRODUCT_NAME = "$(TARGET_NAME)";
				SWIFT_EMIT_LOC_STRINGS = YES;
				SWIFT_VERSION = 5.0;
				TARGETED_DEVICE_FAMILY = "1,2";
			};
			name = Release;
		};
		9D9C2D572DF71139007BC8DA /* Debug */ = {
			isa = XCBuildConfiguration;
			buildSettings = {
				ALWAYS_SEARCH_USER_PATHS = NO;
				ASSETCATALOG_COMPILER_GENERATE_SWIFT_ASSET_SYMBOL_EXTENSIONS = YES;
				CLANG_ANALYZER_NONNULL = YES;
				CLANG_ANALYZER_NUMBER_OBJECT_CONVERSION = YES_AGGRESSIVE;
				CLANG_CXX_LANGUAGE_STANDARD = "gnu++20";
				CLANG_ENABLE_MODULES = YES;
				CLANG_ENABLE_OBJC_ARC = YES;
				CLANG_ENABLE_OBJC_WEAK = YES;
				CLANG_WARN_BLOCK_CAPTURE_AUTORELEASING = YES;
				CLANG_WARN_BOOL_CONVERSION = YES;
				CLANG_WARN_COMMA = YES;
				CLANG_WARN_CONSTANT_CONVERSION = YES;
				CLANG_WARN_DEPRECATED_OBJC_IMPLEMENTATIONS = YES;
				CLANG_WARN_DIRECT_OBJC_ISA_USAGE = YES_ERROR;
				CLANG_WARN_DOCUMENTATION_COMMENTS = YES;
				CLANG_WARN_EMPTY_BODY = YES;
				CLANG_WARN_ENUM_CONVERSION = YES;
				CLANG_WARN_INFINITE_RECURSION = YES;
				CLANG_WARN_INT_CONVERSION = YES;
				CLANG_WARN_NON_LITERAL_NULL_CONVERSION = YES;
				CLANG_WARN_OBJC_IMPLICIT_RETAIN_SELF = YES;
				CLANG_WARN_OBJC_LITERAL_CONVERSION = YES;
				CLANG_WARN_OBJC_ROOT_CLASS = YES_ERROR;
				CLANG_WARN_QUOTED_INCLUDE_IN_FRAMEWORK_HEADER = YES;
				CLANG_WARN_RANGE_LOOP_ANALYSIS = YES;
				CLANG_WARN_STRICT_PROTOTYPES = YES;
				CLANG_WARN_SUSPICIOUS_MOVE = YES;
				CLANG_WARN_UNGUARDED_AVAILABILITY = YES_AGGRESSIVE;
				CLANG_WARN_UNREACHABLE_CODE = YES;
				CLANG_WARN__DUPLICATE_METHOD_MATCH = YES;
				COPY_PHASE_STRIP = NO;
				DEBUG_INFORMATION_FORMAT = dwarf;
				ENABLE_STRICT_OBJC_MSGSEND = YES;
				ENABLE_TESTABILITY = YES;
				ENABLE_USER_SCRIPT_SANDBOXING = YES;
				GCC_C_LANGUAGE_STANDARD = gnu17;
				GCC_DYNAMIC_NO_PIC = NO;
				GCC_NO_COMMON_BLOCKS = YES;
				GCC_OPTIMIZATION_LEVEL = 0;
				GCC_PREPROCESSOR_DEFINITIONS = (
					"DEBUG=1",
					"$(inherited)",
				);
				GCC_WARN_64_TO_32_BIT_CONVERSION = YES;
				GCC_WARN_ABOUT_RETURN_TYPE = YES_ERROR;
				GCC_WARN_UNDECLARED_SELECTOR = YES;
				GCC_WARN_UNINITIALIZED_AUTOS = YES_AGGRESSIVE;
				GCC_WARN_UNUSED_FUNCTION = YES;
				GCC_WARN_UNUSED_VARIABLE = YES;
				IPHONEOS_DEPLOYMENT_TARGET = 15.6;
				LOCALIZATION_PREFERS_STRING_CATALOGS = YES;
				MTL_ENABLE_DEBUG_INFO = INCLUDE_SOURCE;
				MTL_FAST_MATH = YES;
				ONLY_ACTIVE_ARCH = YES;
				SDKROOT = iphoneos;
				SWIFT_ACTIVE_COMPILATION_CONDITIONS = "DEBUG $(inherited)";
				SWIFT_OPTIMIZATION_LEVEL = "-Onone";
			};
			name = Debug;
		};
		9D9C2D582DF71139007BC8DA /* Release */ = {
			isa = XCBuildConfiguration;
			buildSettings = {
				ALWAYS_SEARCH_USER_PATHS = NO;
				ASSETCATALOG_COMPILER_GENERATE_SWIFT_ASSET_SYMBOL_EXTENSIONS = YES;
				CLANG_ANALYZER_NONNULL = YES;
				CLANG_ANALYZER_NUMBER_OBJECT_CONVERSION = YES_AGGRESSIVE;
				CLANG_CXX_LANGUAGE_STANDARD = "gnu++20";
				CLANG_ENABLE_MODULES = YES;
				CLANG_ENABLE_OBJC_ARC = YES;
				CLANG_ENABLE_OBJC_WEAK = YES;
				CLANG_WARN_BLOCK_CAPTURE_AUTORELEASING = YES;
				CLANG_WARN_BOOL_CONVERSION = YES;
				CLANG_WARN_COMMA = YES;
				CLANG_WARN_CONSTANT_CONVERSION = YES;
				CLANG_WARN_DEPRECATED_OBJC_IMPLEMENTATIONS = YES;
				CLANG_WARN_DIRECT_OBJC_ISA_USAGE = YES_ERROR;
				CLANG_WARN_DOCUMENTATION_COMMENTS = YES;
				CLANG_WARN_EMPTY_BODY = YES;
				CLANG_WARN_ENUM_CONVERSION = YES;
				CLANG_WARN_INFINITE_RECURSION = YES;
				CLANG_WARN_INT_CONVERSION = YES;
				CLANG_WARN_NON_LITERAL_NULL_CONVERSION = YES;
				CLANG_WARN_OBJC_IMPLICIT_RETAIN_SELF = YES;
				CLANG_WARN_OBJC_LITERAL_CONVERSION = YES;
				CLANG_WARN_OBJC_ROOT_CLASS = YES_ERROR;
				CLANG_WARN_QUOTED_INCLUDE_IN_FRAMEWORK_HEADER = YES;
				CLANG_WARN_RANGE_LOOP_ANALYSIS = YES;
				CLANG_WARN_STRICT_PROTOTYPES = YES;
				CLANG_WARN_SUSPICIOUS_MOVE = YES;
				CLANG_WARN_UNGUARDED_AVAILABILITY = YES_AGGRESSIVE;
				CLANG_WARN_UNREACHABLE_CODE = YES;
				CLANG_WARN__DUPLICATE_METHOD_MATCH = YES;
				COPY_PHASE_STRIP = NO;
				DEBUG_INFORMATION_FORMAT = "dwarf-with-dsym";
				ENABLE_NS_ASSERTIONS = NO;
				ENABLE_STRICT_OBJC_MSGSEND = YES;
				ENABLE_USER_SCRIPT_SANDBOXING = YES;
				GCC_C_LANGUAGE_STANDARD = gnu17;
				GCC_NO_COMMON_BLOCKS = YES;
				GCC_WARN_64_TO_32_BIT_CONVERSION = YES;
				GCC_WARN_ABOUT_RETURN_TYPE = YES_ERROR;
				GCC_WARN_UNDECLARED_SELECTOR = YES;
				GCC_WARN_UNINITIALIZED_AUTOS = YES_AGGRESSIVE;
				GCC_WARN_UNUSED_FUNCTION = YES;
				GCC_WARN_UNUSED_VARIABLE = YES;
				IPHONEOS_DEPLOYMENT_TARGET = 15.6;
				LOCALIZATION_PREFERS_STRING_CATALOGS = YES;
				MTL_ENABLE_DEBUG_INFO = NO;
				MTL_FAST_MATH = YES;
				SDKROOT = iphoneos;
				SWIFT_COMPILATION_MODE = wholemodule;
				VALIDATE_PRODUCT = YES;
			};
			name = Release;
		};
		9D9C2D5A2DF71139007BC8DA /* Debug */ = {
			isa = XCBuildConfiguration;
			buildSettings = {
				BUNDLE_LOADER = "$(TEST_HOST)";
				CODE_SIGN_STYLE = Automatic;
				CURRENT_PROJECT_VERSION = 1;
				GENERATE_INFOPLIST_FILE = YES;
				IPHONEOS_DEPLOYMENT_TARGET = 18.2;
				MARKETING_VERSION = 1.0;
				PRODUCT_BUNDLE_IDENTIFIER = "yinuo.imu-sensorTests";
				PRODUCT_NAME = "$(TARGET_NAME)";
				SWIFT_EMIT_LOC_STRINGS = NO;
				SWIFT_VERSION = 5.0;
				TARGETED_DEVICE_FAMILY = "1,2";
				TEST_HOST = "$(BUILT_PRODUCTS_DIR)/imu_sensor.app/$(BUNDLE_EXECUTABLE_FOLDER_PATH)/imu_sensor";
			};
			name = Debug;
		};
		9D9C2D5B2DF71139007BC8DA /* Release */ = {
			isa = XCBuildConfiguration;
			buildSettings = {
				BUNDLE_LOADER = "$(TEST_HOST)";
				CODE_SIGN_STYLE = Automatic;
				CURRENT_PROJECT_VERSION = 1;
				GENERATE_INFOPLIST_FILE = YES;
				IPHONEOS_DEPLOYMENT_TARGET = 18.2;
				MARKETING_VERSION = 1.0;
				PRODUCT_BUNDLE_IDENTIFIER = "yinuo.imu-sensorTests";
				PRODUCT_NAME = "$(TARGET_NAME)";
				SWIFT_EMIT_LOC_STRINGS = NO;
				SWIFT_VERSION = 5.0;
				TARGETED_DEVICE_FAMILY = "1,2";
				TEST_HOST = "$(BUILT_PRODUCTS_DIR)/imu_sensor.app/$(BUNDLE_EXECUTABLE_FOLDER_PATH)/imu_sensor";
			};
			name = Release;
		};
		9D9C2D5D2DF71139007BC8DA /* Debug */ = {
			isa = XCBuildConfiguration;
			buildSettings = {
				CODE_SIGN_STYLE = Automatic;
				CURRENT_PROJECT_VERSION = 1;
				GENERATE_INFOPLIST_FILE = YES;
				MARKETING_VERSION = 1.0;
				PRODUCT_BUNDLE_IDENTIFIER = "yinuo.imu-sensorUITests";
				PRODUCT_NAME = "$(TARGET_NAME)";
				SWIFT_EMIT_LOC_STRINGS = NO;
				SWIFT_VERSION = 5.0;
				TARGETED_DEVICE_FAMILY = "1,2";
				TEST_TARGET_NAME = imu_sensor;
			};
			name = Debug;
		};
		9D9C2D5E2DF71139007BC8DA /* Release */ = {
			isa = XCBuildConfiguration;
			buildSettings = {
				CODE_SIGN_STYLE = Automatic;
				CURRENT_PROJECT_VERSION = 1;
				GENERATE_INFOPLIST_FILE = YES;
				MARKETING_VERSION = 1.0;
				PRODUCT_BUNDLE_IDENTIFIER = "yinuo.imu-sensorUITests";
				PRODUCT_NAME = "$(TARGET_NAME)";
				SWIFT_EMIT_LOC_STRINGS = NO;
				SWIFT_VERSION = 5.0;
				TARGETED_DEVICE_FAMILY = "1,2";
				TEST_TARGET_NAME = imu_sensor;
			};
			name = Release;
		};
/* End XCBuildConfiguration section */

/* Begin XCConfigurationList section */
		9D9C2D262DF71138007BC8DA /* Build configuration list for PBXProject "imu_sensor" */ = {
			isa = XCConfigurationList;
			buildConfigurations = (
				9D9C2D572DF71139007BC8DA /* Debug */,
				9D9C2D582DF71139007BC8DA /* Release */,
			);
			defaultConfigurationIsVisible = 0;
			defaultConfigurationName = Release;
		};
		9D9C2D542DF71139007BC8DA /* Build configuration list for PBXNativeTarget "imu_sensor" */ = {
			isa = XCConfigurationList;
			buildConfigurations = (
				9D9C2D552DF71139007BC8DA /* Debug */,
				9D9C2D562DF71139007BC8DA /* Release */,
			);
			defaultConfigurationIsVisible = 0;
			defaultConfigurationName = Release;
		};
		9D9C2D592DF71139007BC8DA /* Build configuration list for PBXNativeTarget "imu_sensorTests" */ = {
			isa = XCConfigurationList;
			buildConfigurations = (
				9D9C2D5A2DF71139007BC8DA /* Debug */,
				9D9C2D5B2DF71139007BC8DA /* Release */,
			);
			defaultConfigurationIsVisible = 0;
			defaultConfigurationName = Release;
		};
		9D9C2D5C2DF71139007BC8DA /* Build configuration list for PBXNativeTarget "imu_sensorUITests" */ = {
			isa = XCConfigurationList;
			buildConfigurations = (
				9D9C2D5D2DF71139007BC8DA /* Debug */,
				9D9C2D5E2DF71139007BC8DA /* Release */,
			);
			defaultConfigurationIsVisible = 0;
			defaultConfigurationName = Release;
		};
/* End XCConfigurationList section */
	};
	rootObject = 9D9C2D232DF71138007BC8DA /* Project object */;
}
